
Microsoft Visual Studio Solution File, Format Version 12.00
# Visual Studio Version 16
VisualStudioVersion = 16.0.28922.388
MinimumVisualStudioVersion = 10.0.40219.1
Project("{FAE04EC0-301F-11D3-BF4B-00C04F79EFBC}") = "Engraver", "Engraver\Engraver.csproj", "{F8AC89B7-4FE8-4A6B-831E-7F1F93FA7ABD}"
	ProjectSection(ProjectDependencies) = postProject
		{697E9D5E-BFBB-4B99-8C0D-8DA9A3899CE0} = {697E9D5E-BFBB-4B99-8C0D-8DA9A3899CE0}
		{84250C92-B786-404A-B86E-EA407414E8BF} = {84250C92-B786-404A-B86E-EA407414E8BF}
		{F717A094-B77B-4F0F-BED3-92935AFEC3CD} = {F717A094-B77B-4F0F-BED3-92935AFEC3CD}
		{819D23A2-7C55-494F-9F3A-58659887FDDD} = {819D23A2-7C55-494F-9F3A-58659887FDDD}
		{8AAA81AB-E38B-487A-BF28-819014D25DA7} = {8AAA81AB-E38B-487A-BF28-819014D25DA7}
	EndProjectSection
EndProject
Project("{FAE04EC0-301F-11D3-BF4B-00C04F79EFBC}") = "Engraver.TAD.ADM", "Engraver.TAD.ADM\Engraver.TAD.ADM.csproj", "{819D23A2-7C55-494F-9F3A-58659887FDDD}"
EndProject
Project("{FAE04EC0-301F-11D3-BF4B-00C04F79EFBC}") = "Activity Tracker", "Counts\Activity Tracker.csproj", "{F717A094-B77B-4F0F-BED3-92935AFEC3CD}"
EndProject
Project("{FAE04EC0-301F-11D3-BF4B-00C04F79EFBC}") = "RSSI", "RSSI\RSSI.csproj", "{84250C92-B786-404A-B86E-EA407414E8BF}"
EndProject
Project("{FAE04EC0-301F-11D3-BF4B-00C04F79EFBC}") = "GreenLabel", "..\BI-Receiving\GreenLabel\GreenLabel.csproj", "{8AAA81AB-E38B-487A-BF28-819014D25DA7}"
EndProject
Project("{FAE04EC0-301F-11D3-BF4B-00C04F79EFBC}") = "CellularData", "CellularData\CellularData.csproj", "{697E9D5E-BFBB-4B99-8C0D-8DA9A3899CE0}"
EndProject
Project("{FAE04EC0-301F-11D3-BF4B-00C04F79EFBC}") = "FirstPassYield", "FirstPassYield\FirstPassYield.csproj", "{8E986987-9BB4-454A-BA5C-B5DE6D8E152F}"
EndProject
Global
	GlobalSection(SolutionConfigurationPlatforms) = preSolution
		Debug|Any CPU = Debug|Any CPU
		Release|Any CPU = Release|Any CPU
	EndGlobalSection
	GlobalSection(ProjectConfigurationPlatforms) = postSolution
		{F8AC89B7-4FE8-4A6B-831E-7F1F93FA7ABD}.Debug|Any CPU.ActiveCfg = Debug|Any CPU
		{F8AC89B7-4FE8-4A6B-831E-7F1F93FA7ABD}.Debug|Any CPU.Build.0 = Debug|Any CPU
		{F8AC89B7-4FE8-4A6B-831E-7F1F93FA7ABD}.Release|Any CPU.ActiveCfg = Release|Any CPU
		{F8AC89B7-4FE8-4A6B-831E-7F1F93FA7ABD}.Release|Any CPU.Build.0 = Release|Any CPU
		{819D23A2-7C55-494F-9F3A-58659887FDDD}.Debug|Any CPU.ActiveCfg = Debug|Any CPU
		{819D23A2-7C55-494F-9F3A-58659887FDDD}.Debug|Any CPU.Build.0 = Debug|Any CPU
		{819D23A2-7C55-494F-9F3A-58659887FDDD}.Release|Any CPU.ActiveCfg = Release|Any CPU
		{819D23A2-7C55-494F-9F3A-58659887FDDD}.Release|Any CPU.Build.0 = Release|Any CPU
		{F717A094-B77B-4F0F-BED3-92935AFEC3CD}.Debug|Any CPU.ActiveCfg = Debug|Any CPU
		{F717A094-B77B-4F0F-BED3-92935AFEC3CD}.Debug|Any CPU.Build.0 = Debug|Any CPU
		{F717A094-B77B-4F0F-BED3-92935AFEC3CD}.Release|Any CPU.ActiveCfg = Release|Any CPU
		{F717A094-B77B-4F0F-BED3-92935AFEC3CD}.Release|Any CPU.Build.0 = Release|Any CPU
		{84250C92-B786-404A-B86E-EA407414E8BF}.Debug|Any CPU.ActiveCfg = Debug|Any CPU
		{84250C92-B786-404A-B86E-EA407414E8BF}.Debug|Any CPU.Build.0 = Debug|Any CPU
		{84250C92-B786-404A-B86E-EA407414E8BF}.Release|Any CPU.ActiveCfg = Release|Any CPU
		{84250C92-B786-404A-B86E-EA407414E8BF}.Release|Any CPU.Build.0 = Release|Any CPU
		{8AAA81AB-E38B-487A-BF28-819014D25DA7}.Debug|Any CPU.ActiveCfg = Debug|Any CPU
		{8AAA81AB-E38B-487A-BF28-819014D25DA7}.Debug|Any CPU.Build.0 = Debug|Any CPU
		{8AAA81AB-E38B-487A-BF28-819014D25DA7}.Release|Any CPU.ActiveCfg = Release|Any CPU
		{8AAA81AB-E38B-487A-BF28-819014D25DA7}.Release|Any CPU.Build.0 = Release|Any CPU
		{697E9D5E-BFBB-4B99-8C0D-8DA9A3899CE0}.Debug|Any CPU.ActiveCfg = Debug|Any CPU
		{697E9D5E-BFBB-4B99-8C0D-8DA9A3899CE0}.Debug|Any CPU.Build.0 = Debug|Any CPU
		{697E9D5E-BFBB-4B99-8C0D-8DA9A3899CE0}.Release|Any CPU.ActiveCfg = Release|Any CPU
		{697E9D5E-BFBB-4B99-8C0D-8DA9A3899CE0}.Release|Any CPU.Build.0 = Release|Any CPU
		{8E986987-9BB4-454A-BA5C-B5DE6D8E152F}.Debug|Any CPU.ActiveCfg = Debug|Any CPU
		{8E986987-9BB4-454A-BA5C-B5DE6D8E152F}.Debug|Any CPU.Build.0 = Debug|Any CPU
		{8E986987-9BB4-454A-BA5C-B5DE6D8E152F}.Release|Any CPU.ActiveCfg = Release|Any CPU
		{8E986987-9BB4-454A-BA5C-B5DE6D8E152F}.Release|Any CPU.Build.0 = Release|Any CPU
	EndGlobalSection
	GlobalSection(SolutionProperties) = preSolution
		HideSolutionNode = FALSE
	EndGlobalSection
	GlobalSection(ExtensibilityGlobals) = postSolution
		SolutionGuid = {5B3252E2-13DB-4B93-BCBB-35D31A59E170}
	EndGlobalSection
EndGlobal
